
Microsoft Visual Studio Solution File, Format Version 12.00
# Visual Studio Version 16
VisualStudioVersion = 16.0.29306.81
MinimumVisualStudioVersion = 10.0.40219.1
Project("{FAE04EC0-301F-11D3-BF4B-00C04F79EFBC}") = "SignalRChat", "SignalRChat\SignalRChat.csproj", "{6DBCED9F-7A3F-4E08-8CD3-995DE3363B42}"
EndProject
Global
	GlobalSection(SolutionConfigurationPlatforms) = preSolution
		Debug|Any CPU = Debug|Any CPU
		Release|Any CPU = Release|Any CPU
	EndGlobalSection
	GlobalSection(ProjectConfigurationPlatforms) = postSolution
		{6DBCED9F-7A3F-4E08-8CD3-995DE3363B42}.Debug|Any CPU.ActiveCfg = Debug|Any CPU
		{6DBCED9F-7A3F-4E08-8CD3-995DE3363B42}.Debug|Any CPU.Build.0 = Debug|Any CPU
		{6DBCED9F-7A3F-4E08-8CD3-995DE3363B42}.Release|Any CPU.ActiveCfg = Release|Any CPU
		{6DBCED9F-7A3F-4E08-8CD3-995DE3363B42}.Release|Any CPU.Build.0 = Release|Any CPU
	EndGlobalSection
	GlobalSection(SolutionProperties) = preSolution
		HideSolutionNode = FALSE
	EndGlobalSection
	GlobalSection(ExtensibilityGlobals) = postSolution
		SolutionGuid = {7A8A191A-447F-45AE-992B-BBECBD6AFB07}
	EndGlobalSection
EndGlobal
